// !$*UTF8*$!
{
	archiveVersion = 1;
	classes = {
	};
	objectVersion = 46;
	objects = {

/* Begin PBXBuildFile section */
		0CF907D51E88B5CC007025FB /* main.m in Sources */ = {isa = PBXBuildFile; fileRef = 0CF907D41E88B5CC007025FB /* main.m */; };
		0CF907D81E88B5CC007025FB /* AppDelegate.m in Sources */ = {isa = PBXBuildFile; fileRef = 0CF907D71E88B5CC007025FB /* AppDelegate.m */; };
		0CF907DB1E88B5CC007025FB /* ViewController.m in Sources */ = {isa = PBXBuildFile; fileRef = 0CF907DA1E88B5CC007025FB /* ViewController.m */; };
		0CF907E01E88B5CC007025FB /* Assets.xcassets in Resources */ = {isa = PBXBuildFile; fileRef = 0CF907DF1E88B5CC007025FB /* Assets.xcassets */; };
		0CF907E31E88B5CC007025FB /* LaunchScreen.storyboard in Resources */ = {isa = PBXBuildFile; fileRef = 0CF907E11E88B5CC007025FB /* LaunchScreen.storyboard */; };
		0CF907EC1E88B686007025FB /* Dijkstra.m in Sources */ = {isa = PBXBuildFile; fileRef = 0CF907EB1E88B686007025FB /* Dijkstra.m */; };
		0CF907EF1E88BD1C007025FB /* JavaScriptCore.framework in Frameworks */ = {isa = PBXBuildFile; fileRef = 0CF907EE1E88BD1C007025FB /* JavaScriptCore.framework */; };
		0CF907F11E88BD6C007025FB /* content.js in Resources */ = {isa = PBXBuildFile; fileRef = 0CF907F01E88BD6C007025FB /* content.js */; };
		0CF907F31E88C6C1007025FB /* edgesData.json in Resources */ = {isa = PBXBuildFile; fileRef = 0CF907F21E88C6C1007025FB /* edgesData.json */; };
		0CF907F51E88C6DB007025FB /* edgesData.txt in Resources */ = {isa = PBXBuildFile; fileRef = 0CF907F41E88C6DB007025FB /* edgesData.txt */; };
		0CF907F81E88C7EB007025FB /* subwayData.json in Resources */ = {isa = PBXBuildFile; fileRef = 0CF907F61E88C7EB007025FB /* subwayData.json */; };
		0CF907F91E88C7EB007025FB /* subwayData.txt in Resources */ = {isa = PBXBuildFile; fileRef = 0CF907F71E88C7EB007025FB /* subwayData.txt */; };
		0CF907FC1E88E00C007025FB /* NSDictionary+Category.m in Sources */ = {isa = PBXBuildFile; fileRef = 0CF907FB1E88E00C007025FB /* NSDictionary+Category.m */; };
/* End PBXBuildFile section */

/* Begin PBXFileReference section */
		0CF907D01E88B5CC007025FB /* BJSubWay.app */ = {isa = PBXFileReference; explicitFileType = wrapper.application; includeInIndex = 0; path = BJSubWay.app; sourceTree = BUILT_PRODUCTS_DIR; };
		0CF907D41E88B5CC007025FB /* main.m */ = {isa = PBXFileReference; lastKnownFileType = sourcecode.c.objc; path = main.m; sourceTree = "<group>"; };
		0CF907D61E88B5CC007025FB /* AppDelegate.h */ = {isa = PBXFileReference; lastKnownFileType = sourcecode.c.h; path = AppDelegate.h; sourceTree = "<group>"; };
		0CF907D71E88B5CC007025FB /* AppDelegate.m */ = {isa = PBXFileReference; lastKnownFileType = sourcecode.c.objc; path = AppDelegate.m; sourceTree = "<group>"; };
		0CF907D91E88B5CC007025FB /* ViewController.h */ = {isa = PBXFileReference; lastKnownFileType = sourcecode.c.h; path = ViewController.h; sourceTree = "<group>"; };
		0CF907DA1E88B5CC007025FB /* ViewController.m */ = {isa = PBXFileReference; lastKnownFileType = sourcecode.c.objc; path = ViewController.m; sourceTree = "<group>"; };
		0CF907DF1E88B5CC007025FB /* Assets.xcassets */ = {isa = PBXFileReference; lastKnownFileType = folder.assetcatalog; path = Assets.xcassets; sourceTree = "<group>"; };
		0CF907E21E88B5CC007025FB /* Base */ = {isa = PBXFileReference; lastKnownFileType = file.storyboard; name = Base; path = Base.lproj/LaunchScreen.storyboard; sourceTree = "<group>"; };
		0CF907E41E88B5CC007025FB /* Info.plist */ = {isa = PBXFileReference; lastKnownFileType = text.plist.xml; path = Info.plist; sourceTree = "<group>"; };
		0CF907EA1E88B686007025FB /* Dijkstra.h */ = {isa = PBXFileReference; fileEncoding = 4; lastKnownFileType = sourcecode.c.h; path = Dijkstra.h; sourceTree = "<group>"; };
		0CF907EB1E88B686007025FB /* Dijkstra.m */ = {isa = PBXFileReference; fileEncoding = 4; lastKnownFileType = sourcecode.c.objc; path = Dijkstra.m; sourceTree = "<group>"; };
		0CF907EE1E88BD1C007025FB /* JavaScriptCore.framework */ = {isa = PBXFileReference; lastKnownFileType = wrapper.framework; name = JavaScriptCore.framework; path = System/Library/Frameworks/JavaScriptCore.framework; sourceTree = SDKROOT; };
		0CF907F01E88BD6C007025FB /* content.js */ = {isa = PBXFileReference; fileEncoding = 4; lastKnownFileType = sourcecode.javascript; path = content.js; sourceTree = "<group>"; };
		0CF907F21E88C6C1007025FB /* edgesData.json */ = {isa = PBXFileReference; fileEncoding = 4; lastKnownFileType = text.json; path = edgesData.json; sourceTree = "<group>"; };
		0CF907F41E88C6DB007025FB /* edgesData.txt */ = {isa = PBXFileReference; fileEncoding = 4; lastKnownFileType = text; path = edgesData.txt; sourceTree = "<group>"; };
		0CF907F61E88C7EB007025FB /* subwayData.json */ = {isa = PBXFileReference; fileEncoding = 4; lastKnownFileType = text.json; path = subwayData.json; sourceTree = "<group>"; };
		0CF907F71E88C7EB007025FB /* subwayData.txt */ = {isa = PBXFileReference; fileEncoding = 4; lastKnownFileType = text; path = subwayData.txt; sourceTree = "<group>"; };
		0CF907FA1E88E00C007025FB /* NSDictionary+Category.h */ = {isa = PBXFileReference; fileEncoding = 4; lastKnownFileType = sourcecode.c.h; path = "NSDictionary+Category.h"; sourceTree = "<group>"; };
		0CF907FB1E88E00C007025FB /* NSDictionary+Category.m */ = {isa = PBXFileReference; fileEncoding = 4; lastKnownFileType = sourcecode.c.objc; path = "NSDictionary+Category.m"; sourceTree = "<group>"; };
/* End PBXFileReference section */

/* Begin PBXFrameworksBuildPhase section */
		0CF907CD1E88B5CC007025FB /* Frameworks */ = {
			isa = PBXFrameworksBuildPhase;
			buildActionMask = 2147483647;
			files = (
				0CF907EF1E88BD1C007025FB /* JavaScriptCore.framework in Frameworks */,
			);
			runOnlyForDeploymentPostprocessing = 0;
		};
/* End PBXFrameworksBuildPhase section */

/* Begin PBXGroup section */
		0CF907C71E88B5CC007025FB = {
			isa = PBXGroup;
			children = (
				0CF907D21E88B5CC007025FB /* BJSubWay */,
				0CF907D11E88B5CC007025FB /* Products */,
				0CF907ED1E88BD1C007025FB /* Frameworks */,
			);
			sourceTree = "<group>";
		};
		0CF907D11E88B5CC007025FB /* Products */ = {
			isa = PBXGroup;
			children = (
				0CF907D01E88B5CC007025FB /* BJSubWay.app */,
			);
			name = Products;
			sourceTree = "<group>";
		};
		0CF907D21E88B5CC007025FB /* BJSubWay */ = {
			isa = PBXGroup;
			children = (
				0CF907F21E88C6C1007025FB /* edgesData.json */,
				0CF907F41E88C6DB007025FB /* edgesData.txt */,
				0CF907F61E88C7EB007025FB /* subwayData.json */,
				0CF907F71E88C7EB007025FB /* subwayData.txt */,
				0CF907F01E88BD6C007025FB /* content.js */,
				0CF907D61E88B5CC007025FB /* AppDelegate.h */,
				0CF907D71E88B5CC007025FB /* AppDelegate.m */,
				0CF907D91E88B5CC007025FB /* ViewController.h */,
				0CF907DA1E88B5CC007025FB /* ViewController.m */,
				0CF907DF1E88B5CC007025FB /* Assets.xcassets */,
				0CF907E11E88B5CC007025FB /* LaunchScreen.storyboard */,
				0CF907E41E88B5CC007025FB /* Info.plist */,
				0CF907D31E88B5CC007025FB /* Supporting Files */,
				0CF907EA1E88B686007025FB /* Dijkstra.h */,
				0CF907EB1E88B686007025FB /* Dijkstra.m */,
				0CF907FA1E88E00C007025FB /* NSDictionary+Category.h */,
				0CF907FB1E88E00C007025FB /* NSDictionary+Category.m */,
			);
			path = BJSubWay;
			sourceTree = "<group>";
		};
		0CF907D31E88B5CC007025FB /* Supporting Files */ = {
			isa = PBXGroup;
			children = (
				0CF907D41E88B5CC007025FB /* main.m */,
			);
			name = "Supporting Files";
			sourceTree = "<group>";
		};
		0CF907ED1E88BD1C007025FB /* Frameworks */ = {
			isa = PBXGroup;
			children = (
				0CF907EE1E88BD1C007025FB /* JavaScriptCore.framework */,
			);
			name = Frameworks;
			sourceTree = "<group>";
		};
/* End PBXGroup section */

/* Begin PBXNativeTarget section */
		0CF907CF1E88B5CC007025FB /* BJSubWay */ = {
			isa = PBXNativeTarget;
			buildConfigurationList = 0CF907E71E88B5CC007025FB /* Build configuration list for PBXNativeTarget "BJSubWay" */;
			buildPhases = (
				0CF907CC1E88B5CC007025FB /* Sources */,
				0CF907CD1E88B5CC007025FB /* Frameworks */,
				0CF907CE1E88B5CC007025FB /* Resources */,
			);
			buildRules = (
			);
			dependencies = (
			);
			name = BJSubWay;
			productName = BJSubWay;
			productReference = 0CF907D01E88B5CC007025FB /* BJSubWay.app */;
			productType = "com.apple.product-type.application";
		};
/* End PBXNativeTarget section */

/* Begin PBXProject section */
		0CF907C81E88B5CC007025FB /* Project object */ = {
			isa = PBXProject;
			attributes = {
				LastUpgradeCheck = 0820;
				ORGANIZATIONNAME = xwmedia01;
				TargetAttributes = {
					0CF907CF1E88B5CC007025FB = {
						CreatedOnToolsVersion = 8.2;
						ProvisioningStyle = Manual;
					};
				};
			};
			buildConfigurationList = 0CF907CB1E88B5CC007025FB /* Build configuration list for PBXProject "BJSubWay" */;
			compatibilityVersion = "Xcode 3.2";
			developmentRegion = English;
			hasScannedForEncodings = 0;
			knownRegions = (
				en,
				Base,
			);
			mainGroup = 0CF907C71E88B5CC007025FB;
			productRefGroup = 0CF907D11E88B5CC007025FB /* Products */;
			projectDirPath = "";
			projectRoot = "";
			targets = (
				0CF907CF1E88B5CC007025FB /* BJSubWay */,
			);
		};
/* End PBXProject section */

/* Begin PBXResourcesBuildPhase section */
		0CF907CE1E88B5CC007025FB /* Resources */ = {
			isa = PBXResourcesBuildPhase;
			buildActionMask = 2147483647;
			files = (
				0CF907F11E88BD6C007025FB /* content.js in Resources */,
				0CF907F31E88C6C1007025FB /* edgesData.json in Resources */,
				0CF907E31E88B5CC007025FB /* LaunchScreen.storyboard in Resources */,
				0CF907E01E88B5CC007025FB /* Assets.xcassets in Resources */,
				0CF907F81E88C7EB007025FB /* subwayData.json in Resources */,
				0CF907F91E88C7EB007025FB /* subwayData.txt in Resources */,
				0CF907F51E88C6DB007025FB /* edgesData.txt in Resources */,
			);
			runOnlyForDeploymentPostprocessing = 0;
		};
/* End PBXResourcesBuildPhase section */

/* Begin PBXSourcesBuildPhase section */
		0CF907CC1E88B5CC007025FB /* Sources */ = {
			isa = PBXSourcesBuildPhase;
			buildActionMask = 2147483647;
			files = (
				0CF907FC1E88E00C007025FB /* NSDictionary+Category.m in Sources */,
				0CF907DB1E88B5CC007025FB /* ViewController.m in Sources */,
				0CF907EC1E88B686007025FB /* Dijkstra.m in Sources */,
				0CF907D81E88B5CC007025FB /* AppDelegate.m in Sources */,
				0CF907D51E88B5CC007025FB /* main.m in Sources */,
			);
			runOnlyForDeploymentPostprocessing = 0;
		};
/* End PBXSourcesBuildPhase section */

/* Begin PBXVariantGroup section */
		0CF907E11E88B5CC007025FB /* LaunchScreen.storyboard */ = {
			isa = PBXVariantGroup;
			children = (
				0CF907E21E88B5CC007025FB /* Base */,
			);
			name = LaunchScreen.storyboard;
			sourceTree = "<group>";
		};
/* End PBXVariantGroup section */

/* Begin XCBuildConfiguration section */
		0CF907E51E88B5CC007025FB /* Debug */ = {
			isa = XCBuildConfiguration;
			buildSettings = {
				ALWAYS_SEARCH_USER_PATHS = NO;
				CLANG_ANALYZER_NONNULL = YES;
				CLANG_CXX_LANGUAGE_STANDARD = "gnu++0x";
				CLANG_CXX_LIBRARY = "libc++";
				CLANG_ENABLE_MODULES = YES;
				CLANG_ENABLE_OBJC_ARC = YES;
				CLANG_WARN_BOOL_CONVERSION = YES;
				CLANG_WARN_CONSTANT_CONVERSION = YES;
				CLANG_WARN_DIRECT_OBJC_ISA_USAGE = YES_ERROR;
				CLANG_WARN_DOCUMENTATION_COMMENTS = YES;
				CLANG_WARN_EMPTY_BODY = YES;
				CLANG_WARN_ENUM_CONVERSION = YES;
				CLANG_WARN_INFINITE_RECURSION = YES;
				CLANG_WARN_INT_CONVERSION = YES;
				CLANG_WARN_OBJC_ROOT_CLASS = YES_ERROR;
				CLANG_WARN_SUSPICIOUS_MOVE = YES;
				CLANG_WARN_UNREACHABLE_CODE = YES;
				CLANG_WARN__DUPLICATE_METHOD_MATCH = YES;
				"CODE_SIGN_IDENTITY[sdk=iphoneos*]" = "iPhone Developer";
				COPY_PHASE_STRIP = NO;
				DEBUG_INFORMATION_FORMAT = dwarf;
				ENABLE_STRICT_OBJC_MSGSEND = YES;
				ENABLE_TESTABILITY = YES;
				GCC_C_LANGUAGE_STANDARD = gnu99;
				GCC_DYNAMIC_NO_PIC = NO;
				GCC_NO_COMMON_BLOCKS = YES;
				GCC_OPTIMIZATION_LEVEL = 0;
				GCC_PREPROCESSOR_DEFINITIONS = (
					"DEBUG=1",
					"$(inherited)",
				);
				GCC_WARN_64_TO_32_BIT_CONVERSION = YES;
				GCC_WARN_ABOUT_RETURN_TYPE = YES_ERROR;
				GCC_WARN_UNDECLARED_SELECTOR = YES;
				GCC_WARN_UNINITIALIZED_AUTOS = YES_AGGRESSIVE;
				GCC_WARN_UNUSED_FUNCTION = YES;
				GCC_WARN_UNUSED_VARIABLE = YES;
				IPHONEOS_DEPLOYMENT_TARGET = 10.2;
				MTL_ENABLE_DEBUG_INFO = YES;
				ONLY_ACTIVE_ARCH = YES;
				SDKROOT = iphoneos;
				TARGETED_DEVICE_FAMILY = "1,2";
			};
			name = Debug;
		};
		0CF907E61E88B5CC007025FB /* Release */ = {
			isa = XCBuildConfiguration;
			buildSettings = {
				ALWAYS_SEARCH_USER_PATHS = NO;
				CLANG_ANALYZER_NONNULL = YES;
				CLANG_CXX_LANGUAGE_STANDARD = "gnu++0x";
				CLANG_CXX_LIBRARY = "libc++";
				CLANG_ENABLE_MODULES = YES;
				CLANG_ENABLE_OBJC_ARC = YES;
				CLANG_WARN_BOOL_CONVERSION = YES;
				CLANG_WARN_CONSTANT_CONVERSION = YES;
				CLANG_WARN_DIRECT_OBJC_ISA_USAGE = YES_ERROR;
				CLANG_WARN_DOCUMENTATION_COMMENTS = YES;
				CLANG_WARN_EMPTY_BODY = YES;
				CLANG_WARN_ENUM_CONVERSION = YES;
				CLANG_WARN_INFINITE_RECURSION = YES;
				CLANG_WARN_INT_CONVERSION = YES;
				CLANG_WARN_OBJC_ROOT_CLASS = YES_ERROR;
				CLANG_WARN_SUSPICIOUS_MOVE = YES;
				CLANG_WARN_UNREACHABLE_CODE = YES;
				CLANG_WARN__DUPLICATE_METHOD_MATCH = YES;
				"CODE_SIGN_IDENTITY[sdk=iphoneos*]" = "iPhone Developer";
				COPY_PHASE_STRIP = NO;
				DEBUG_INFORMATION_FORMAT = "dwarf-with-dsym";
				ENABLE_NS_ASSERTIONS = NO;
				ENABLE_STRICT_OBJC_MSGSEND = YES;
				GCC_C_LANGUAGE_STANDARD = gnu99;
				GCC_NO_COMMON_BLOCKS = YES;
				GCC_WARN_64_TO_32_BIT_CONVERSION = YES;
				GCC_WARN_ABOUT_RETURN_TYPE = YES_ERROR;
				GCC_WARN_UNDECLARED_SELECTOR = YES;
				GCC_WARN_UNINITIALIZED_AUTOS = YES_AGGRESSIVE;
				GCC_WARN_UNUSED_FUNCTION = YES;
				GCC_WARN_UNUSED_VARIABLE = YES;
				IPHONEOS_DEPLOYMENT_TARGET = 10.2;
				MTL_ENABLE_DEBUG_INFO = NO;
				SDKROOT = iphoneos;
				TARGETED_DEVICE_FAMILY = "1,2";
				VALIDATE_PRODUCT = YES;
			};
			name = Release;
		};
		0CF907E81E88B5CC007025FB /* Debug */ = {
			isa = XCBuildConfiguration;
			buildSettings = {
				ASSETCATALOG_COMPILER_APPICON_NAME = AppIcon;
				DEVELOPMENT_TEAM = "";
				INFOPLIST_FILE = BJSubWay/Info.plist;
				LD_RUNPATH_SEARCH_PATHS = "$(inherited) @executable_path/Frameworks";
				PRODUCT_BUNDLE_IDENTIFIER = com.faiwong.BJSubWay;
				PRODUCT_NAME = "$(TARGET_NAME)";
			};
			name = Debug;
		};
		0CF907E91E88B5CC007025FB /* Release */ = {
			isa = XCBuildConfiguration;
			buildSettings = {
				ASSETCATALOG_COMPILER_APPICON_NAME = AppIcon;
				DEVELOPMENT_TEAM = "";
				INFOPLIST_FILE = BJSubWay/Info.plist;
				LD_RUNPATH_SEARCH_PATHS = "$(inherited) @executable_path/Frameworks";
				PRODUCT_BUNDLE_IDENTIFIER = com.faiwong.BJSubWay;
				PRODUCT_NAME = "$(TARGET_NAME)";
			};
			name = Release;
		};
/* End XCBuildConfiguration section */

/* Begin XCConfigurationList section */
		0CF907CB1E88B5CC007025FB /* Build configuration list for PBXProject "BJSubWay" */ = {
			isa = XCConfigurationList;
			buildConfigurations = (
				0CF907E51E88B5CC007025FB /* Debug */,
				0CF907E61E88B5CC007025FB /* Release */,
			);
			defaultConfigurationIsVisible = 0;
			defaultConfigurationName = Release;
		};
		0CF907E71E88B5CC007025FB /* Build configuration list for PBXNativeTarget "BJSubWay" */ = {
			isa = XCConfigurationList;
			buildConfigurations = (
				0CF907E81E88B5CC007025FB /* Debug */,
				0CF907E91E88B5CC007025FB /* Release */,
			);
			defaultConfigurationIsVisible = 0;
			defaultConfigurationName = Release;
		};
/* End XCConfigurationList section */
	};
	rootObject = 0CF907C81E88B5CC007025FB /* Project object */;
}
